
Microsoft Visual Studio Solution File, Format Version 12.00
# Visual Studio Version 16
VisualStudioVersion = 16.0.32802.440
MinimumVisualStudioVersion = 10.0.40219.1
Project("{FAE04EC0-301F-11D3-BF4B-00C04F79EFBC}") = "pwdChecker", "pwdChecker.csproj", "{96707C58-96CC-4375-9AF9-EF81FCAA630F}"
EndProject
Global
	GlobalSection(SolutionConfigurationPlatforms) = preSolution
		Debug|Any CPU = Debug|Any CPU
		Release|Any CPU = Release|Any CPU
	EndGlobalSection
	GlobalSection(ProjectConfigurationPlatforms) = postSolution
		{96707C58-96CC-4375-9AF9-EF81FCAA630F}.Debug|Any CPU.ActiveCfg = Debug|Any CPU
		{96707C58-96CC-4375-9AF9-EF81FCAA630F}.Debug|Any CPU.Build.0 = Debug|Any CPU
		{96707C58-96CC-4375-9AF9-EF81FCAA630F}.Release|Any CPU.ActiveCfg = Release|Any CPU
		{96707C58-96CC-4375-9AF9-EF81FCAA630F}.Release|Any CPU.Build.0 = Release|Any CPU
	EndGlobalSection
	GlobalSection(SolutionProperties) = preSolution
		HideSolutionNode = FALSE
	EndGlobalSection
	GlobalSection(ExtensibilityGlobals) = postSolution
		SolutionGuid = {D599F054-C93F-494D-8A71-2F73A47EC2C1}
	EndGlobalSection
EndGlobal
